{
  "name": "tpv",
  "version": "1.0.0",
  "lockfileVersion": 1,
  "requires": true,
  "dependencies": {
    "jquery": {
      "version": "3.4.1",
      "resolved": "https://registry.npmjs.org/jquery/-/jquery-3.4.1.tgz",
      "integrity": "sha512-36+AdBzCL+y6qjw5Tx7HgzeGCzC81MDDgaUP8ld2zhx58HdqXGoBd+tHdrBMiyjGQs0Hxs/MLZTu/eHNJJuWPw=="
    },
    "js-datepicker": {
      "version": "4.6.6",
      "resolved": "https://registry.npmjs.org/js-datepicker/-/js-datepicker-4.6.6.tgz",
      "integrity": "sha512-kLsE2oHfQM6pzdWNA7Y8HwCHaZIVURItPds7YVJnbe1z1OmQFzN7lfg6yFbDDWOyNjdHZGzWDy3jSDN2W0pNZQ=="
    },
    "mini.css": {
      "version": "3.0.1",
      "resolved": "https://registry.npmjs.org/mini.css/-/mini.css-3.0.1.tgz",
      "integrity": "sha512-FmuuBL0wuyDO1UA66TkAo8w2RxxuHmNPaUqUHcYlHtM9CJkrscQaNAJ/ParEahYFwtZOSgfEA7flbMoSPkzrPA=="
    }
  }
}
