{
  "requires": true,
  "lockfileVersion": 1,
  "dependencies": {
    "jquery": {
      "version": "3.4.1",
      "resolved": "https://registry.npmjs.org/jquery/-/jquery-3.4.1.tgz",
      "integrity": "sha512-36+AdBzCL+y6qjw5Tx7HgzeGCzC81MDDgaUP8ld2zhx58HdqXGoBd+tHdrBMiyjGQs0Hxs/MLZTu/eHNJJuWPw=="
    },
    "js-datepicker": {
      "version": "4.0.10",
      "resolved": "https://registry.npmjs.org/js-datepicker/-/js-datepicker-4.0.10.tgz",
      "integrity": "sha512-oRe9bPtitasRDXarlg1Uf9yTEkfv7IZ4Z+coiU0ZnBiAy4Oc6bf8o4FK/lT4VxVK9ueUEJ7LNOlp+RXwAeDW9w=="
    }
  }
}
