{
  "requires": true,
  "lockfileVersion": 1,
  "dependencies": {
    "js-datepicker": {
      "version": "4.0.10",
      "resolved": "https://registry.npmjs.org/js-datepicker/-/js-datepicker-4.0.10.tgz",
      "integrity": "sha512-oRe9bPtitasRDXarlg1Uf9yTEkfv7IZ4Z+coiU0ZnBiAy4Oc6bf8o4FK/lT4VxVK9ueUEJ7LNOlp+RXwAeDW9w=="
    }
  }
}
